
Microsoft Visual Studio Solution File, Format Version 12.00
# Visual Studio Version 16
VisualStudioVersion = 16.0.28516.95
MinimumVisualStudioVersion = 10.0.40219.1
Project("{FAE04EC0-301F-11D3-BF4B-00C04F79EFBC}") = "GUI Temp and Wet", "GUI Temp and Wet\GUI Temp and Wet.csproj", "{DAF96AE3-F5E0-4D2A-8E22-B58E7570C1BB}"
EndProject
Global
	GlobalSection(SolutionConfigurationPlatforms) = preSolution
		Debug|Any CPU = Debug|Any CPU
		Release|Any CPU = Release|Any CPU
	EndGlobalSection
	GlobalSection(ProjectConfigurationPlatforms) = postSolution
		{DAF96AE3-F5E0-4D2A-8E22-B58E7570C1BB}.Debug|Any CPU.ActiveCfg = Debug|Any CPU
		{DAF96AE3-F5E0-4D2A-8E22-B58E7570C1BB}.Debug|Any CPU.Build.0 = Debug|Any CPU
		{DAF96AE3-F5E0-4D2A-8E22-B58E7570C1BB}.Release|Any CPU.ActiveCfg = Release|Any CPU
		{DAF96AE3-F5E0-4D2A-8E22-B58E7570C1BB}.Release|Any CPU.Build.0 = Release|Any CPU
	EndGlobalSection
	GlobalSection(SolutionProperties) = preSolution
		HideSolutionNode = FALSE
	EndGlobalSection
	GlobalSection(ExtensibilityGlobals) = postSolution
		SolutionGuid = {796A1908-5345-4B4F-8DDA-AD786D0E8E37}
	EndGlobalSection
EndGlobal
